
Microsoft Visual Studio Solution File, Format Version 12.00
# Visual Studio Version 16
VisualStudioVersion = 16.0.31105.61
MinimumVisualStudioVersion = 10.0.40219.1
Project("{FAE04EC0-301F-11D3-BF4B-00C04F79EFBC}") = "oh-my-arashi", "oh-my-arashi.csproj", "{444C4373-69BD-44B9-B088-FF75BF0361C4}"
EndProject
Global
	GlobalSection(SolutionConfigurationPlatforms) = preSolution
		Debug|Any CPU = Debug|Any CPU
		Release|Any CPU = Release|Any CPU
	EndGlobalSection
	GlobalSection(ProjectConfigurationPlatforms) = postSolution
		{444C4373-69BD-44B9-B088-FF75BF0361C4}.Debug|Any CPU.ActiveCfg = Debug|Any CPU
		{444C4373-69BD-44B9-B088-FF75BF0361C4}.Debug|Any CPU.Build.0 = Debug|Any CPU
		{444C4373-69BD-44B9-B088-FF75BF0361C4}.Release|Any CPU.ActiveCfg = Release|Any CPU
		{444C4373-69BD-44B9-B088-FF75BF0361C4}.Release|Any CPU.Build.0 = Release|Any CPU
	EndGlobalSection
	GlobalSection(SolutionProperties) = preSolution
		HideSolutionNode = FALSE
	EndGlobalSection
	GlobalSection(ExtensibilityGlobals) = postSolution
		SolutionGuid = {C6050A52-D66F-44D8-9F83-E7A2B12A1E16}
	EndGlobalSection
EndGlobal
